// !$*UTF8*$!
{
	archiveVersion = 1;
	classes = {
	};
	objectVersion = 55;
	objects = {

/* Begin PBXBuildFile section */
		6CFC2ED52890D98F002A4A6A /* cookie_clicker_iosApp.swift in Sources */ = {isa = PBXBuildFile; fileRef = 6CFC2ED42890D98F002A4A6A /* cookie_clicker_iosApp.swift */; };
		6CFC2ED72890D98F002A4A6A /* ContentView.swift in Sources */ = {isa = PBXBuildFile; fileRef = 6CFC2ED62890D98F002A4A6A /* ContentView.swift */; };
		6CFC2ED92890D991002A4A6A /* Assets.xcassets in Resources */ = {isa = PBXBuildFile; fileRef = 6CFC2ED82890D991002A4A6A /* Assets.xcassets */; };
		6CFC2EDC2890D991002A4A6A /* Preview Assets.xcassets in Resources */ = {isa = PBXBuildFile; fileRef = 6CFC2EDB2890D991002A4A6A /* Preview Assets.xcassets */; };
		6CFC2EE62890D991002A4A6A /* cookie-clicker-iosTests.swift in Sources */ = {isa = PBXBuildFile; fileRef = 6CFC2EE52890D991002A4A6A /* cookie-clicker-iosTests.swift */; };
		6CFC2EF02890D992002A4A6A /* cookie_clicker_iosUITests.swift in Sources */ = {isa = PBXBuildFile; fileRef = 6CFC2EEF2890D992002A4A6A /* cookie_clicker_iosUITests.swift */; };
		6CFC2EF22890D992002A4A6A /* cookie_clicker_iosUITestsLaunchTests.swift in Sources */ = {isa = PBXBuildFile; fileRef = 6CFC2EF12890D992002A4A6A /* cookie_clicker_iosUITestsLaunchTests.swift */; };
		6CFC2EFF2890DC4C002A4A6A /* MenuView.swift in Sources */ = {isa = PBXBuildFile; fileRef = 6CFC2EFE2890DC4C002A4A6A /* MenuView.swift */; };
		6CFC2F012890EA95002A4A6A /* GameView.swift in Sources */ = {isa = PBXBuildFile; fileRef = 6CFC2F002890EA95002A4A6A /* GameView.swift */; };
		6CFC2F0328914040002A4A6A /* ViewType.swift in Sources */ = {isa = PBXBuildFile; fileRef = 6CFC2F0228914040002A4A6A /* ViewType.swift */; };
		6CFC2F082891468B002A4A6A /* DataModel.swift in Sources */ = {isa = PBXBuildFile; fileRef = 6CFC2F072891468B002A4A6A /* DataModel.swift */; };
		6CFC2F0E2892C632002A4A6A /* SplashView.swift in Sources */ = {isa = PBXBuildFile; fileRef = 6CFC2F0D2892C632002A4A6A /* SplashView.swift */; };
/* End PBXBuildFile section */

/* Begin PBXContainerItemProxy section */
		6CFC2EE22890D991002A4A6A /* PBXContainerItemProxy */ = {
			isa = PBXContainerItemProxy;
			containerPortal = 6CFC2EC92890D98F002A4A6A /* Project object */;
			proxyType = 1;
			remoteGlobalIDString = 6CFC2ED02890D98F002A4A6A;
			remoteInfo = "my-base-game";
		};
		6CFC2EEC2890D992002A4A6A /* PBXContainerItemProxy */ = {
			isa = PBXContainerItemProxy;
			containerPortal = 6CFC2EC92890D98F002A4A6A /* Project object */;
			proxyType = 1;
			remoteGlobalIDString = 6CFC2ED02890D98F002A4A6A;
			remoteInfo = "my-base-game";
		};
/* End PBXContainerItemProxy section */

/* Begin PBXFileReference section */
		6CFC2ED12890D98F002A4A6A /* cookie-clicker-ios.app */ = {isa = PBXFileReference; explicitFileType = wrapper.application; includeInIndex = 0; path = "cookie-clicker-ios.app"; sourceTree = BUILT_PRODUCTS_DIR; };
		6CFC2ED42890D98F002A4A6A /* cookie_clicker_iosApp.swift */ = {isa = PBXFileReference; lastKnownFileType = sourcecode.swift; path = cookie_clicker_iosApp.swift; sourceTree = "<group>"; };
		6CFC2ED62890D98F002A4A6A /* ContentView.swift */ = {isa = PBXFileReference; lastKnownFileType = sourcecode.swift; path = ContentView.swift; sourceTree = "<group>"; };
		6CFC2ED82890D991002A4A6A /* Assets.xcassets */ = {isa = PBXFileReference; lastKnownFileType = folder.assetcatalog; path = Assets.xcassets; sourceTree = "<group>"; };
		6CFC2EDB2890D991002A4A6A /* Preview Assets.xcassets */ = {isa = PBXFileReference; lastKnownFileType = folder.assetcatalog; path = "Preview Assets.xcassets"; sourceTree = "<group>"; };
		6CFC2EE12890D991002A4A6A /* cookie-clicker-iosTests.xctest */ = {isa = PBXFileReference; explicitFileType = wrapper.cfbundle; includeInIndex = 0; path = "cookie-clicker-iosTests.xctest"; sourceTree = BUILT_PRODUCTS_DIR; };
		6CFC2EE52890D991002A4A6A /* cookie-clicker-iosTests.swift */ = {isa = PBXFileReference; lastKnownFileType = sourcecode.swift; path = "cookie-clicker-iosTests.swift"; sourceTree = "<group>"; };
		6CFC2EEB2890D992002A4A6A /* cookie-clicker-iosUITests.xctest */ = {isa = PBXFileReference; explicitFileType = wrapper.cfbundle; includeInIndex = 0; path = "cookie-clicker-iosUITests.xctest"; sourceTree = BUILT_PRODUCTS_DIR; };
		6CFC2EEF2890D992002A4A6A /* cookie_clicker_iosUITests.swift */ = {isa = PBXFileReference; lastKnownFileType = sourcecode.swift; path = cookie_clicker_iosUITests.swift; sourceTree = "<group>"; };
		6CFC2EF12890D992002A4A6A /* cookie_clicker_iosUITestsLaunchTests.swift */ = {isa = PBXFileReference; lastKnownFileType = sourcecode.swift; path = cookie_clicker_iosUITestsLaunchTests.swift; sourceTree = "<group>"; };
		6CFC2EFE2890DC4C002A4A6A /* MenuView.swift */ = {isa = PBXFileReference; fileEncoding = 4; lastKnownFileType = sourcecode.swift; path = MenuView.swift; sourceTree = "<group>"; };
		6CFC2F002890EA95002A4A6A /* GameView.swift */ = {isa = PBXFileReference; fileEncoding = 4; lastKnownFileType = sourcecode.swift; path = GameView.swift; sourceTree = "<group>"; };
		6CFC2F0228914040002A4A6A /* ViewType.swift */ = {isa = PBXFileReference; lastKnownFileType = sourcecode.swift; path = ViewType.swift; sourceTree = "<group>"; };
		6CFC2F072891468B002A4A6A /* DataModel.swift */ = {isa = PBXFileReference; lastKnownFileType = sourcecode.swift; path = DataModel.swift; sourceTree = "<group>"; };
		6CFC2F0D2892C632002A4A6A /* SplashView.swift */ = {isa = PBXFileReference; fileEncoding = 4; lastKnownFileType = sourcecode.swift; path = SplashView.swift; sourceTree = "<group>"; };
/* End PBXFileReference section */

/* Begin PBXFrameworksBuildPhase section */
		6CFC2ECE2890D98F002A4A6A /* Frameworks */ = {
			isa = PBXFrameworksBuildPhase;
			buildActionMask = 2147483647;
			files = (
			);
			runOnlyForDeploymentPostprocessing = 0;
		};
		6CFC2EDE2890D991002A4A6A /* Frameworks */ = {
			isa = PBXFrameworksBuildPhase;
			buildActionMask = 2147483647;
			files = (
			);
			runOnlyForDeploymentPostprocessing = 0;
		};
		6CFC2EE82890D992002A4A6A /* Frameworks */ = {
			isa = PBXFrameworksBuildPhase;
			buildActionMask = 2147483647;
			files = (
			);
			runOnlyForDeploymentPostprocessing = 0;
		};
/* End PBXFrameworksBuildPhase section */

/* Begin PBXGroup section */
		6CFC2EC82890D98F002A4A6A = {
			isa = PBXGroup;
			children = (
				6CFC2ED32890D98F002A4A6A /* cookie-clicker-ios */,
				6CFC2EE42890D991002A4A6A /* cookie-clicker-iosTests */,
				6CFC2EEE2890D992002A4A6A /* cookie-clicker-iosUITests */,
				6CFC2ED22890D98F002A4A6A /* Products */,
			);
			sourceTree = "<group>";
		};
		6CFC2ED22890D98F002A4A6A /* Products */ = {
			isa = PBXGroup;
			children = (
				6CFC2ED12890D98F002A4A6A /* cookie-clicker-ios.app */,
				6CFC2EE12890D991002A4A6A /* cookie-clicker-iosTests.xctest */,
				6CFC2EEB2890D992002A4A6A /* cookie-clicker-iosUITests.xctest */,
			);
			name = Products;
			sourceTree = "<group>";
		};
		6CFC2ED32890D98F002A4A6A /* cookie-clicker-ios */ = {
			isa = PBXGroup;
			children = (
				6CFC2ED42890D98F002A4A6A /* cookie_clicker_iosApp.swift */,
				6CFC2ED62890D98F002A4A6A /* ContentView.swift */,
				6CFC2F0228914040002A4A6A /* ViewType.swift */,
				6CFC2F0928914699002A4A6A /* Model */,
				6CFC2F06289143B0002A4A6A /* ChildViews */,
				6CFC2ED82890D991002A4A6A /* Assets.xcassets */,
				6CFC2EDA2890D991002A4A6A /* Preview Content */,
			);
			path = "cookie-clicker-ios";
			sourceTree = "<group>";
		};
		6CFC2EDA2890D991002A4A6A /* Preview Content */ = {
			isa = PBXGroup;
			children = (
				6CFC2EDB2890D991002A4A6A /* Preview Assets.xcassets */,
			);
			path = "Preview Content";
			sourceTree = "<group>";
		};
		6CFC2EE42890D991002A4A6A /* cookie-clicker-iosTests */ = {
			isa = PBXGroup;
			children = (
				6CFC2EE52890D991002A4A6A /* cookie-clicker-iosTests.swift */,
			);
			path = "cookie-clicker-iosTests";
			sourceTree = "<group>";
		};
		6CFC2EEE2890D992002A4A6A /* cookie-clicker-iosUITests */ = {
			isa = PBXGroup;
			children = (
				6CFC2EEF2890D992002A4A6A /* cookie_clicker_iosUITests.swift */,
				6CFC2EF12890D992002A4A6A /* cookie_clicker_iosUITestsLaunchTests.swift */,
			);
			path = "cookie-clicker-iosUITests";
			sourceTree = "<group>";
		};
		6CFC2F06289143B0002A4A6A /* ChildViews */ = {
			isa = PBXGroup;
			children = (
				6CFC2F132893E2EE002A4A6A /* SplashView */,
				6CFC2F0F28937454002A4A6A /* MenuView */,
				6CFC2F122893E15D002A4A6A /* GameView */,
			);
			path = ChildViews;
			sourceTree = "<group>";
		};
		6CFC2F0928914699002A4A6A /* Model */ = {
			isa = PBXGroup;
			children = (
				6CFC2F072891468B002A4A6A /* DataModel.swift */,
			);
			path = Model;
			sourceTree = "<group>";
		};
		6CFC2F0F28937454002A4A6A /* MenuView */ = {
			isa = PBXGroup;
			children = (
				6CFC2EFE2890DC4C002A4A6A /* MenuView.swift */,
			);
			path = MenuView;
			sourceTree = "<group>";
		};
		6CFC2F122893E15D002A4A6A /* GameView */ = {
			isa = PBXGroup;
			children = (
				6CFC2F002890EA95002A4A6A /* GameView.swift */,
			);
			path = GameView;
			sourceTree = "<group>";
		};
		6CFC2F132893E2EE002A4A6A /* SplashView */ = {
			isa = PBXGroup;
			children = (
				6CFC2F0D2892C632002A4A6A /* SplashView.swift */,
			);
			path = SplashView;
			sourceTree = "<group>";
		};
/* End PBXGroup section */

/* Begin PBXNativeTarget section */
		6CFC2ED02890D98F002A4A6A /* cookie-clicker-ios */ = {
			isa = PBXNativeTarget;
			buildConfigurationList = 6CFC2EF52890D992002A4A6A /* Build configuration list for PBXNativeTarget "cookie-clicker-ios" */;
			buildPhases = (
				6CFC2ECD2890D98F002A4A6A /* Sources */,
				6CFC2ECE2890D98F002A4A6A /* Frameworks */,
				6CFC2ECF2890D98F002A4A6A /* Resources */,
			);
			buildRules = (
			);
			dependencies = (
			);
			name = "cookie-clicker-ios";
			productName = "my-base-game";
			productReference = 6CFC2ED12890D98F002A4A6A /* cookie-clicker-ios.app */;
			productType = "com.apple.product-type.application";
		};
		6CFC2EE02890D991002A4A6A /* cookie-clicker-iosTests */ = {
			isa = PBXNativeTarget;
			buildConfigurationList = 6CFC2EF82890D992002A4A6A /* Build configuration list for PBXNativeTarget "cookie-clicker-iosTests" */;
			buildPhases = (
				6CFC2EDD2890D991002A4A6A /* Sources */,
				6CFC2EDE2890D991002A4A6A /* Frameworks */,
				6CFC2EDF2890D991002A4A6A /* Resources */,
			);
			buildRules = (
			);
			dependencies = (
				6CFC2EE32890D991002A4A6A /* PBXTargetDependency */,
			);
			name = "cookie-clicker-iosTests";
			productName = "my-base-gameTests";
			productReference = 6CFC2EE12890D991002A4A6A /* cookie-clicker-iosTests.xctest */;
			productType = "com.apple.product-type.bundle.unit-test";
		};
		6CFC2EEA2890D992002A4A6A /* cookie-clicker-iosUITests */ = {
			isa = PBXNativeTarget;
			buildConfigurationList = 6CFC2EFB2890D992002A4A6A /* Build configuration list for PBXNativeTarget "cookie-clicker-iosUITests" */;
			buildPhases = (
				6CFC2EE72890D992002A4A6A /* Sources */,
				6CFC2EE82890D992002A4A6A /* Frameworks */,
				6CFC2EE92890D992002A4A6A /* Resources */,
			);
			buildRules = (
			);
			dependencies = (
				6CFC2EED2890D992002A4A6A /* PBXTargetDependency */,
			);
			name = "cookie-clicker-iosUITests";
			productName = "my-base-gameUITests";
			productReference = 6CFC2EEB2890D992002A4A6A /* cookie-clicker-iosUITests.xctest */;
			productType = "com.apple.product-type.bundle.ui-testing";
		};
/* End PBXNativeTarget section */

/* Begin PBXProject section */
		6CFC2EC92890D98F002A4A6A /* Project object */ = {
			isa = PBXProject;
			attributes = {
				BuildIndependentTargetsInParallel = 1;
				LastSwiftUpdateCheck = 1340;
				LastUpgradeCheck = 1340;
				TargetAttributes = {
					6CFC2ED02890D98F002A4A6A = {
						CreatedOnToolsVersion = 13.4.1;
					};
					6CFC2EE02890D991002A4A6A = {
						CreatedOnToolsVersion = 13.4.1;
						TestTargetID = 6CFC2ED02890D98F002A4A6A;
					};
					6CFC2EEA2890D992002A4A6A = {
						CreatedOnToolsVersion = 13.4.1;
						TestTargetID = 6CFC2ED02890D98F002A4A6A;
					};
				};
			};
			buildConfigurationList = 6CFC2ECC2890D98F002A4A6A /* Build configuration list for PBXProject "cookie-clicker-ios" */;
			compatibilityVersion = "Xcode 13.0";
			developmentRegion = en;
			hasScannedForEncodings = 0;
			knownRegions = (
				en,
				Base,
			);
			mainGroup = 6CFC2EC82890D98F002A4A6A;
			productRefGroup = 6CFC2ED22890D98F002A4A6A /* Products */;
			projectDirPath = "";
			projectRoot = "";
			targets = (
				6CFC2ED02890D98F002A4A6A /* cookie-clicker-ios */,
				6CFC2EE02890D991002A4A6A /* cookie-clicker-iosTests */,
				6CFC2EEA2890D992002A4A6A /* cookie-clicker-iosUITests */,
			);
		};
/* End PBXProject section */

/* Begin PBXResourcesBuildPhase section */
		6CFC2ECF2890D98F002A4A6A /* Resources */ = {
			isa = PBXResourcesBuildPhase;
			buildActionMask = 2147483647;
			files = (
				6CFC2EDC2890D991002A4A6A /* Preview Assets.xcassets in Resources */,
				6CFC2ED92890D991002A4A6A /* Assets.xcassets in Resources */,
			);
			runOnlyForDeploymentPostprocessing = 0;
		};
		6CFC2EDF2890D991002A4A6A /* Resources */ = {
			isa = PBXResourcesBuildPhase;
			buildActionMask = 2147483647;
			files = (
			);
			runOnlyForDeploymentPostprocessing = 0;
		};
		6CFC2EE92890D992002A4A6A /* Resources */ = {
			isa = PBXResourcesBuildPhase;
			buildActionMask = 2147483647;
			files = (
			);
			runOnlyForDeploymentPostprocessing = 0;
		};
/* End PBXResourcesBuildPhase section */

/* Begin PBXSourcesBuildPhase section */
		6CFC2ECD2890D98F002A4A6A /* Sources */ = {
			isa = PBXSourcesBuildPhase;
			buildActionMask = 2147483647;
			files = (
				6CFC2ED72890D98F002A4A6A /* ContentView.swift in Sources */,
				6CFC2EFF2890DC4C002A4A6A /* MenuView.swift in Sources */,
				6CFC2F0328914040002A4A6A /* ViewType.swift in Sources */,
				6CFC2F012890EA95002A4A6A /* GameView.swift in Sources */,
				6CFC2ED52890D98F002A4A6A /* cookie_clicker_iosApp.swift in Sources */,
				6CFC2F082891468B002A4A6A /* DataModel.swift in Sources */,
				6CFC2F0E2892C632002A4A6A /* SplashView.swift in Sources */,
			);
			runOnlyForDeploymentPostprocessing = 0;
		};
		6CFC2EDD2890D991002A4A6A /* Sources */ = {
			isa = PBXSourcesBuildPhase;
			buildActionMask = 2147483647;
			files = (
				6CFC2EE62890D991002A4A6A /* cookie-clicker-iosTests.swift in Sources */,
			);
			runOnlyForDeploymentPostprocessing = 0;
		};
		6CFC2EE72890D992002A4A6A /* Sources */ = {
			isa = PBXSourcesBuildPhase;
			buildActionMask = 2147483647;
			files = (
				6CFC2EF02890D992002A4A6A /* cookie_clicker_iosUITests.swift in Sources */,
				6CFC2EF22890D992002A4A6A /* cookie_clicker_iosUITestsLaunchTests.swift in Sources */,
			);
			runOnlyForDeploymentPostprocessing = 0;
		};
/* End PBXSourcesBuildPhase section */

/* Begin PBXTargetDependency section */
		6CFC2EE32890D991002A4A6A /* PBXTargetDependency */ = {
			isa = PBXTargetDependency;
			target = 6CFC2ED02890D98F002A4A6A /* cookie-clicker-ios */;
			targetProxy = 6CFC2EE22890D991002A4A6A /* PBXContainerItemProxy */;
		};
		6CFC2EED2890D992002A4A6A /* PBXTargetDependency */ = {
			isa = PBXTargetDependency;
			target = 6CFC2ED02890D98F002A4A6A /* cookie-clicker-ios */;
			targetProxy = 6CFC2EEC2890D992002A4A6A /* PBXContainerItemProxy */;
		};
/* End PBXTargetDependency section */

/* Begin XCBuildConfiguration section */
		6CFC2EF32890D992002A4A6A /* Debug */ = {
			isa = XCBuildConfiguration;
			buildSettings = {
				ALWAYS_SEARCH_USER_PATHS = NO;
				CLANG_ANALYZER_NONNULL = YES;
				CLANG_ANALYZER_NUMBER_OBJECT_CONVERSION = YES_AGGRESSIVE;
				CLANG_CXX_LANGUAGE_STANDARD = "gnu++17";
				CLANG_ENABLE_MODULES = YES;
				CLANG_ENABLE_OBJC_ARC = YES;
				CLANG_ENABLE_OBJC_WEAK = YES;
				CLANG_WARN_BLOCK_CAPTURE_AUTORELEASING = YES;
				CLANG_WARN_BOOL_CONVERSION = YES;
				CLANG_WARN_COMMA = YES;
				CLANG_WARN_CONSTANT_CONVERSION = YES;
				CLANG_WARN_DEPRECATED_OBJC_IMPLEMENTATIONS = YES;
				CLANG_WARN_DIRECT_OBJC_ISA_USAGE = YES_ERROR;
				CLANG_WARN_DOCUMENTATION_COMMENTS = YES;
				CLANG_WARN_EMPTY_BODY = YES;
				CLANG_WARN_ENUM_CONVERSION = YES;
				CLANG_WARN_INFINITE_RECURSION = YES;
				CLANG_WARN_INT_CONVERSION = YES;
				CLANG_WARN_NON_LITERAL_NULL_CONVERSION = YES;
				CLANG_WARN_OBJC_IMPLICIT_RETAIN_SELF = YES;
				CLANG_WARN_OBJC_LITERAL_CONVERSION = YES;
				CLANG_WARN_OBJC_ROOT_CLASS = YES_ERROR;
				CLANG_WARN_QUOTED_INCLUDE_IN_FRAMEWORK_HEADER = YES;
				CLANG_WARN_RANGE_LOOP_ANALYSIS = YES;
				CLANG_WARN_STRICT_PROTOTYPES = YES;
				CLANG_WARN_SUSPICIOUS_MOVE = YES;
				CLANG_WARN_UNGUARDED_AVAILABILITY = YES_AGGRESSIVE;
				CLANG_WARN_UNREACHABLE_CODE = YES;
				CLANG_WARN__DUPLICATE_METHOD_MATCH = YES;
				COPY_PHASE_STRIP = NO;
				DEBUG_INFORMATION_FORMAT = dwarf;
				ENABLE_STRICT_OBJC_MSGSEND = YES;
				ENABLE_TESTABILITY = YES;
				GCC_C_LANGUAGE_STANDARD = gnu11;
				GCC_DYNAMIC_NO_PIC = NO;
				GCC_NO_COMMON_BLOCKS = YES;
				GCC_OPTIMIZATION_LEVEL = 0;
				GCC_PREPROCESSOR_DEFINITIONS = (
					"DEBUG=1",
					"$(inherited)",
				);
				GCC_WARN_64_TO_32_BIT_CONVERSION = YES;
				GCC_WARN_ABOUT_RETURN_TYPE = YES_ERROR;
				GCC_WARN_UNDECLARED_SELECTOR = YES;
				GCC_WARN_UNINITIALIZED_AUTOS = YES_AGGRESSIVE;
				GCC_WARN_UNUSED_FUNCTION = YES;
				GCC_WARN_UNUSED_VARIABLE = YES;
				IPHONEOS_DEPLOYMENT_TARGET = 15.5;
				MTL_ENABLE_DEBUG_INFO = INCLUDE_SOURCE;
				MTL_FAST_MATH = YES;
				ONLY_ACTIVE_ARCH = YES;
				SDKROOT = iphoneos;
				SWIFT_ACTIVE_COMPILATION_CONDITIONS = DEBUG;
				SWIFT_OPTIMIZATION_LEVEL = "-Onone";
			};
			name = Debug;
		};
		6CFC2EF42890D992002A4A6A /* Release */ = {
			isa = XCBuildConfiguration;
			buildSettings = {
				ALWAYS_SEARCH_USER_PATHS = NO;
				CLANG_ANALYZER_NONNULL = YES;
				CLANG_ANALYZER_NUMBER_OBJECT_CONVERSION = YES_AGGRESSIVE;
				CLANG_CXX_LANGUAGE_STANDARD = "gnu++17";
				CLANG_ENABLE_MODULES = YES;
				CLANG_ENABLE_OBJC_ARC = YES;
				CLANG_ENABLE_OBJC_WEAK = YES;
				CLANG_WARN_BLOCK_CAPTURE_AUTORELEASING = YES;
				CLANG_WARN_BOOL_CONVERSION = YES;
				CLANG_WARN_COMMA = YES;
				CLANG_WARN_CONSTANT_CONVERSION = YES;
				CLANG_WARN_DEPRECATED_OBJC_IMPLEMENTATIONS = YES;
				CLANG_WARN_DIRECT_OBJC_ISA_USAGE = YES_ERROR;
				CLANG_WARN_DOCUMENTATION_COMMENTS = YES;
				CLANG_WARN_EMPTY_BODY = YES;
				CLANG_WARN_ENUM_CONVERSION = YES;
				CLANG_WARN_INFINITE_RECURSION = YES;
				CLANG_WARN_INT_CONVERSION = YES;
				CLANG_WARN_NON_LITERAL_NULL_CONVERSION = YES;
				CLANG_WARN_OBJC_IMPLICIT_RETAIN_SELF = YES;
				CLANG_WARN_OBJC_LITERAL_CONVERSION = YES;
				CLANG_WARN_OBJC_ROOT_CLASS = YES_ERROR;
				CLANG_WARN_QUOTED_INCLUDE_IN_FRAMEWORK_HEADER = YES;
				CLANG_WARN_RANGE_LOOP_ANALYSIS = YES;
				CLANG_WARN_STRICT_PROTOTYPES = YES;
				CLANG_WARN_SUSPICIOUS_MOVE = YES;
				CLANG_WARN_UNGUARDED_AVAILABILITY = YES_AGGRESSIVE;
				CLANG_WARN_UNREACHABLE_CODE = YES;
				CLANG_WARN__DUPLICATE_METHOD_MATCH = YES;
				COPY_PHASE_STRIP = NO;
				DEBUG_INFORMATION_FORMAT = "dwarf-with-dsym";
				ENABLE_NS_ASSERTIONS = NO;
				ENABLE_STRICT_OBJC_MSGSEND = YES;
				GCC_C_LANGUAGE_STANDARD = gnu11;
				GCC_NO_COMMON_BLOCKS = YES;
				GCC_WARN_64_TO_32_BIT_CONVERSION = YES;
				GCC_WARN_ABOUT_RETURN_TYPE = YES_ERROR;
				GCC_WARN_UNDECLARED_SELECTOR = YES;
				GCC_WARN_UNINITIALIZED_AUTOS = YES_AGGRESSIVE;
				GCC_WARN_UNUSED_FUNCTION = YES;
				GCC_WARN_UNUSED_VARIABLE = YES;
				IPHONEOS_DEPLOYMENT_TARGET = 15.5;
				MTL_ENABLE_DEBUG_INFO = NO;
				MTL_FAST_MATH = YES;
				SDKROOT = iphoneos;
				SWIFT_COMPILATION_MODE = wholemodule;
				SWIFT_OPTIMIZATION_LEVEL = "-O";
				VALIDATE_PRODUCT = YES;
			};
			name = Release;
		};
		6CFC2EF62890D992002A4A6A /* Debug */ = {
			isa = XCBuildConfiguration;
			buildSettings = {
				ASSETCATALOG_COMPILER_APPICON_NAME = AppIcon;
				ASSETCATALOG_COMPILER_GLOBAL_ACCENT_COLOR_NAME = AccentColor;
				CODE_SIGN_STYLE = Automatic;
				CURRENT_PROJECT_VERSION = 1;
				DEVELOPMENT_ASSET_PATHS = "\"cookie-clicker-ios/Preview Content\"";
				ENABLE_PREVIEWS = YES;
				GENERATE_INFOPLIST_FILE = YES;
				INFOPLIST_KEY_UIApplicationSceneManifest_Generation = YES;
				INFOPLIST_KEY_UIApplicationSupportsIndirectInputEvents = YES;
				INFOPLIST_KEY_UILaunchScreen_Generation = YES;
				INFOPLIST_KEY_UISupportedInterfaceOrientations = "UIInterfaceOrientationLandscapeLeft UIInterfaceOrientationLandscapeRight";
				INFOPLIST_KEY_UISupportedInterfaceOrientations_iPad = "UIInterfaceOrientationPortrait UIInterfaceOrientationPortraitUpsideDown UIInterfaceOrientationLandscapeLeft UIInterfaceOrientationLandscapeRight";
				INFOPLIST_KEY_UISupportedInterfaceOrientations_iPhone = "UIInterfaceOrientationPortrait UIInterfaceOrientationLandscapeLeft UIInterfaceOrientationLandscapeRight";
				LD_RUNPATH_SEARCH_PATHS = (
					"$(inherited)",
					"@executable_path/Frameworks",
				);
				MARKETING_VERSION = 1.0;
				PRODUCT_BUNDLE_IDENTIFIER = "com.lighttech.cookie-clicker-ios";
				PRODUCT_NAME = "cookie-clicker-ios";
				SWIFT_EMIT_LOC_STRINGS = YES;
				SWIFT_VERSION = 5.0;
				TARGETED_DEVICE_FAMILY = "1,2";
			};
			name = Debug;
		};
		6CFC2EF72890D992002A4A6A /* Release */ = {
			isa = XCBuildConfiguration;
			buildSettings = {
				ASSETCATALOG_COMPILER_APPICON_NAME = AppIcon;
				ASSETCATALOG_COMPILER_GLOBAL_ACCENT_COLOR_NAME = AccentColor;
				CODE_SIGN_STYLE = Automatic;
				CURRENT_PROJECT_VERSION = 1;
				DEVELOPMENT_ASSET_PATHS = "\"cookie-clicker-ios/Preview Content\"";
				ENABLE_PREVIEWS = YES;
				GENERATE_INFOPLIST_FILE = YES;
				INFOPLIST_KEY_UIApplicationSceneManifest_Generation = YES;
				INFOPLIST_KEY_UIApplicationSupportsIndirectInputEvents = YES;
				INFOPLIST_KEY_UILaunchScreen_Generation = YES;
				INFOPLIST_KEY_UISupportedInterfaceOrientations = "UIInterfaceOrientationLandscapeLeft UIInterfaceOrientationLandscapeRight";
				INFOPLIST_KEY_UISupportedInterfaceOrientations_iPad = "UIInterfaceOrientationPortrait UIInterfaceOrientationPortraitUpsideDown UIInterfaceOrientationLandscapeLeft UIInterfaceOrientationLandscapeRight";
				INFOPLIST_KEY_UISupportedInterfaceOrientations_iPhone = "UIInterfaceOrientationPortrait UIInterfaceOrientationLandscapeLeft UIInterfaceOrientationLandscapeRight";
				LD_RUNPATH_SEARCH_PATHS = (
					"$(inherited)",
					"@executable_path/Frameworks",
				);
				MARKETING_VERSION = 1.0;
				PRODUCT_BUNDLE_IDENTIFIER = "com.lighttech.cookie-clicker-ios";
				PRODUCT_NAME = "cookie-clicker-ios";
				SWIFT_EMIT_LOC_STRINGS = YES;
				SWIFT_VERSION = 5.0;
				TARGETED_DEVICE_FAMILY = "1,2";
			};
			name = Release;
		};
		6CFC2EF92890D992002A4A6A /* Debug */ = {
			isa = XCBuildConfiguration;
			buildSettings = {
				ALWAYS_EMBED_SWIFT_STANDARD_LIBRARIES = YES;
				BUNDLE_LOADER = "$(TEST_HOST)";
				CODE_SIGN_STYLE = Automatic;
				CURRENT_PROJECT_VERSION = 1;
				GENERATE_INFOPLIST_FILE = YES;
				IPHONEOS_DEPLOYMENT_TARGET = 15.5;
				MARKETING_VERSION = 1.0;
				PRODUCT_BUNDLE_IDENTIFIER = "com.lighttech.my-base-gameTests";
				PRODUCT_NAME = "$(TARGET_NAME)";
				SWIFT_EMIT_LOC_STRINGS = NO;
				SWIFT_VERSION = 5.0;
				TARGETED_DEVICE_FAMILY = "1,2";
				TEST_HOST = "$(BUILT_PRODUCTS_DIR)/cookie-clicker-ios.app/cookie-clicker-ios";
			};
			name = Debug;
		};
		6CFC2EFA2890D992002A4A6A /* Release */ = {
			isa = XCBuildConfiguration;
			buildSettings = {
				ALWAYS_EMBED_SWIFT_STANDARD_LIBRARIES = YES;
				BUNDLE_LOADER = "$(TEST_HOST)";
				CODE_SIGN_STYLE = Automatic;
				CURRENT_PROJECT_VERSION = 1;
				GENERATE_INFOPLIST_FILE = YES;
				IPHONEOS_DEPLOYMENT_TARGET = 15.5;
				MARKETING_VERSION = 1.0;
				PRODUCT_BUNDLE_IDENTIFIER = "com.lighttech.my-base-gameTests";
				PRODUCT_NAME = "$(TARGET_NAME)";
				SWIFT_EMIT_LOC_STRINGS = NO;
				SWIFT_VERSION = 5.0;
				TARGETED_DEVICE_FAMILY = "1,2";
				TEST_HOST = "$(BUILT_PRODUCTS_DIR)/cookie-clicker-ios.app/cookie-clicker-ios";
			};
			name = Release;
		};
		6CFC2EFC2890D992002A4A6A /* Debug */ = {
			isa = XCBuildConfiguration;
			buildSettings = {
				ALWAYS_EMBED_SWIFT_STANDARD_LIBRARIES = YES;
				CODE_SIGN_STYLE = Automatic;
				CURRENT_PROJECT_VERSION = 1;
				GENERATE_INFOPLIST_FILE = YES;
				MARKETING_VERSION = 1.0;
				PRODUCT_BUNDLE_IDENTIFIER = "com.lighttech.my-base-gameUITests";
				PRODUCT_NAME = "$(TARGET_NAME)";
				SWIFT_EMIT_LOC_STRINGS = NO;
				SWIFT_VERSION = 5.0;
				TARGETED_DEVICE_FAMILY = "1,2";
				TEST_TARGET_NAME = "my-base-game";
			};
			name = Debug;
		};
		6CFC2EFD2890D992002A4A6A /* Release */ = {
			isa = XCBuildConfiguration;
			buildSettings = {
				ALWAYS_EMBED_SWIFT_STANDARD_LIBRARIES = YES;
				CODE_SIGN_STYLE = Automatic;
				CURRENT_PROJECT_VERSION = 1;
				GENERATE_INFOPLIST_FILE = YES;
				MARKETING_VERSION = 1.0;
				PRODUCT_BUNDLE_IDENTIFIER = "com.lighttech.my-base-gameUITests";
				PRODUCT_NAME = "$(TARGET_NAME)";
				SWIFT_EMIT_LOC_STRINGS = NO;
				SWIFT_VERSION = 5.0;
				TARGETED_DEVICE_FAMILY = "1,2";
				TEST_TARGET_NAME = "my-base-game";
			};
			name = Release;
		};
/* End XCBuildConfiguration section */

/* Begin XCConfigurationList section */
		6CFC2ECC2890D98F002A4A6A /* Build configuration list for PBXProject "cookie-clicker-ios" */ = {
			isa = XCConfigurationList;
			buildConfigurations = (
				6CFC2EF32890D992002A4A6A /* Debug */,
				6CFC2EF42890D992002A4A6A /* Release */,
			);
			defaultConfigurationIsVisible = 0;
			defaultConfigurationName = Release;
		};
		6CFC2EF52890D992002A4A6A /* Build configuration list for PBXNativeTarget "cookie-clicker-ios" */ = {
			isa = XCConfigurationList;
			buildConfigurations = (
				6CFC2EF62890D992002A4A6A /* Debug */,
				6CFC2EF72890D992002A4A6A /* Release */,
			);
			defaultConfigurationIsVisible = 0;
			defaultConfigurationName = Release;
		};
		6CFC2EF82890D992002A4A6A /* Build configuration list for PBXNativeTarget "cookie-clicker-iosTests" */ = {
			isa = XCConfigurationList;
			buildConfigurations = (
				6CFC2EF92890D992002A4A6A /* Debug */,
				6CFC2EFA2890D992002A4A6A /* Release */,
			);
			defaultConfigurationIsVisible = 0;
			defaultConfigurationName = Release;
		};
		6CFC2EFB2890D992002A4A6A /* Build configuration list for PBXNativeTarget "cookie-clicker-iosUITests" */ = {
			isa = XCConfigurationList;
			buildConfigurations = (
				6CFC2EFC2890D992002A4A6A /* Debug */,
				6CFC2EFD2890D992002A4A6A /* Release */,
			);
			defaultConfigurationIsVisible = 0;
			defaultConfigurationName = Release;
		};
/* End XCConfigurationList section */
	};
	rootObject = 6CFC2EC92890D98F002A4A6A /* Project object */;
}
